
Microsoft Visual Studio Solution File, Format Version 12.00
# Visual Studio Version 16
VisualStudioVersion = 16.0.30011.22
MinimumVisualStudioVersion = 10.0.40219.1
Project("{FAE04EC0-301F-11D3-BF4B-00C04F79EFBC}") = "Grid_game", "Grid_game\Grid_game.csproj", "{9F8AF5A3-FD25-44BB-833C-189DECA554C8}"
EndProject
Global
	GlobalSection(SolutionConfigurationPlatforms) = preSolution
		Debug|Any CPU = Debug|Any CPU
		Release|Any CPU = Release|Any CPU
	EndGlobalSection
	GlobalSection(ProjectConfigurationPlatforms) = postSolution
		{9F8AF5A3-FD25-44BB-833C-189DECA554C8}.Debug|Any CPU.ActiveCfg = Debug|Any CPU
		{9F8AF5A3-FD25-44BB-833C-189DECA554C8}.Debug|Any CPU.Build.0 = Debug|Any CPU
		{9F8AF5A3-FD25-44BB-833C-189DECA554C8}.Release|Any CPU.ActiveCfg = Release|Any CPU
		{9F8AF5A3-FD25-44BB-833C-189DECA554C8}.Release|Any CPU.Build.0 = Release|Any CPU
	EndGlobalSection
	GlobalSection(SolutionProperties) = preSolution
		HideSolutionNode = FALSE
	EndGlobalSection
	GlobalSection(ExtensibilityGlobals) = postSolution
		SolutionGuid = {885F62C9-7BE9-4DE3-A444-A44B61DA5C7B}
	EndGlobalSection
EndGlobal
